
Microsoft Visual Studio Solution File, Format Version 12.00
# Visual Studio Version 17
VisualStudioVersion = 17.0.31903.59
MinimumVisualStudioVersion = 10.0.40219.1
Project("{2150E333-8FDC-42A3-9474-1A3956D46DE8}") = "src", "src", "{827E0CD3-B72D-47B6-A68D-7590B98EB39B}"
EndProject
Project("{FAE04EC0-301F-11D3-BF4B-00C04F79EFBC}") = "Kairix.QuickAVSync", "src\Kairix.QuickAVSync\Kairix.QuickAVSync.csproj", "{6EC74199-B54E-4362-BF05-B419162BB2DD}"
EndProject
Project("{FAE04EC0-301F-11D3-BF4B-00C04F79EFBC}") = "Kairix.QuickAVSync.Core", "src\Kairix.QuickAVSync.Core\Kairix.QuickAVSync.Core.csproj", "{1AE706BF-C86A-43D3-AE71-0A07ED109654}"
EndProject
Project("{FAE04EC0-301F-11D3-BF4B-00C04F79EFBC}") = "Kairix.QuickAVSync.Windows", "src\Kairix.QuickAVSync.Windows\Kairix.QuickAVSync.Windows.csproj", "{EBCF4C2B-7951-45DD-AC90-304895E3DC54}"
EndProject
Project("{2150E333-8FDC-42A3-9474-1A3956D46DE8}") = "tests", "tests", "{0AB3BF05-4346-4AA6-1389-037BE0695223}"
EndProject
Project("{FAE04EC0-301F-11D3-BF4B-00C04F79EFBC}") = "Kairix.QuickAVSync.Core.Tests", "tests\Kairix.QuickAVSync.Core.Tests\Kairix.QuickAVSync.Core.Tests.csproj", "{953A222C-E939-4AEE-A752-EBCDE06C5427}"
EndProject
Project("{FAE04EC0-301F-11D3-BF4B-00C04F79EFBC}") = "Kairix.QuickAVSync.Windows.Tests", "tests\Kairix.QuickAVSync.Windows.Tests\Kairix.QuickAVSync.Windows.Tests.csproj", "{F26AB289-A905-4769-A856-85D6E848CF77}"
EndProject
Global
	GlobalSection(SolutionConfigurationPlatforms) = preSolution
		Debug|Any CPU = Debug|Any CPU
		Debug|x64 = Debug|x64
		Debug|x86 = Debug|x86
		Release|Any CPU = Release|Any CPU
		Release|x64 = Release|x64
		Release|x86 = Release|x86
	EndGlobalSection
	GlobalSection(ProjectConfigurationPlatforms) = postSolution
		{6EC74199-B54E-4362-BF05-B419162BB2DD}.Debug|Any CPU.ActiveCfg = Debug|Any CPU
		{6EC74199-B54E-4362-BF05-B419162BB2DD}.Debug|Any CPU.Build.0 = Debug|Any CPU
		{6EC74199-B54E-4362-BF05-B419162BB2DD}.Debug|x64.ActiveCfg = Debug|Any CPU
		{6EC74199-B54E-4362-BF05-B419162BB2DD}.Debug|x64.Build.0 = Debug|Any CPU
		{6EC74199-B54E-4362-BF05-B419162BB2DD}.Debug|x86.ActiveCfg = Debug|Any CPU
		{6EC74199-B54E-4362-BF05-B419162BB2DD}.Debug|x86.Build.0 = Debug|Any CPU
		{6EC74199-B54E-4362-BF05-B419162BB2DD}.Release|Any CPU.ActiveCfg = Release|Any CPU
		{6EC74199-B54E-4362-BF05-B419162BB2DD}.Release|Any CPU.Build.0 = Release|Any CPU
		{6EC74199-B54E-4362-BF05-B419162BB2DD}.Release|x64.ActiveCfg = Release|Any CPU
		{6EC74199-B54E-4362-BF05-B419162BB2DD}.Release|x64.Build.0 = Release|Any CPU
		{6EC74199-B54E-4362-BF05-B419162BB2DD}.Release|x86.ActiveCfg = Release|Any CPU
		{6EC74199-B54E-4362-BF05-B419162BB2DD}.Release|x86.Build.0 = Release|Any CPU
		{1AE706BF-C86A-43D3-AE71-0A07ED109654}.Debug|Any CPU.ActiveCfg = Debug|Any CPU
		{1AE706BF-C86A-43D3-AE71-0A07ED109654}.Debug|Any CPU.Build.0 = Debug|Any CPU
		{1AE706BF-C86A-43D3-AE71-0A07ED109654}.Debug|x64.ActiveCfg = Debug|Any CPU
		{1AE706BF-C86A-43D3-AE71-0A07ED109654}.Debug|x64.Build.0 = Debug|Any CPU
		{1AE706BF-C86A-43D3-AE71-0A07ED109654}.Debug|x86.ActiveCfg = Debug|Any CPU
		{1AE706BF-C86A-43D3-AE71-0A07ED109654}.Debug|x86.Build.0 = Debug|Any CPU
		{1AE706BF-C86A-43D3-AE71-0A07ED109654}.Release|Any CPU.ActiveCfg = Release|Any CPU
		{1AE706BF-C86A-43D3-AE71-0A07ED109654}.Release|Any CPU.Build.0 = Release|Any CPU
		{1AE706BF-C86A-43D3-AE71-0A07ED109654}.Release|x64.ActiveCfg = Release|Any CPU
		{1AE706BF-C86A-43D3-AE71-0A07ED109654}.Release|x64.Build.0 = Release|Any CPU
		{1AE706BF-C86A-43D3-AE71-0A07ED109654}.Release|x86.ActiveCfg = Release|Any CPU
		{1AE706BF-C86A-43D3-AE71-0A07ED109654}.Release|x86.Build.0 = Release|Any CPU
		{EBCF4C2B-7951-45DD-AC90-304895E3DC54}.Debug|Any CPU.ActiveCfg = Debug|Any CPU
		{EBCF4C2B-7951-45DD-AC90-304895E3DC54}.Debug|Any CPU.Build.0 = Debug|Any CPU
		{EBCF4C2B-7951-45DD-AC90-304895E3DC54}.Debug|x64.ActiveCfg = Debug|Any CPU
		{EBCF4C2B-7951-45DD-AC90-304895E3DC54}.Debug|x64.Build.0 = Debug|Any CPU
		{EBCF4C2B-7951-45DD-AC90-304895E3DC54}.Debug|x86.ActiveCfg = Debug|Any CPU
		{EBCF4C2B-7951-45DD-AC90-304895E3DC54}.Debug|x86.Build.0 = Debug|Any CPU
		{EBCF4C2B-7951-45DD-AC90-304895E3DC54}.Release|Any CPU.ActiveCfg = Release|Any CPU
		{EBCF4C2B-7951-45DD-AC90-304895E3DC54}.Release|Any CPU.Build.0 = Release|Any CPU
		{EBCF4C2B-7951-45DD-AC90-304895E3DC54}.Release|x64.ActiveCfg = Release|Any CPU
		{EBCF4C2B-7951-45DD-AC90-304895E3DC54}.Release|x64.Build.0 = Release|Any CPU
		{EBCF4C2B-7951-45DD-AC90-304895E3DC54}.Release|x86.ActiveCfg = Release|Any CPU
		{EBCF4C2B-7951-45DD-AC90-304895E3DC54}.Release|x86.Build.0 = Release|Any CPU
		{953A222C-E939-4AEE-A752-EBCDE06C5427}.Debug|Any CPU.ActiveCfg = Debug|Any CPU
		{953A222C-E939-4AEE-A752-EBCDE06C5427}.Debug|Any CPU.Build.0 = Debug|Any CPU
		{953A222C-E939-4AEE-A752-EBCDE06C5427}.Debug|x64.ActiveCfg = Debug|Any CPU
		{953A222C-E939-4AEE-A752-EBCDE06C5427}.Debug|x64.Build.0 = Debug|Any CPU
		{953A222C-E939-4AEE-A752-EBCDE06C5427}.Debug|x86.ActiveCfg = Debug|Any CPU
		{953A222C-E939-4AEE-A752-EBCDE06C5427}.Debug|x86.Build.0 = Debug|Any CPU
		{953A222C-E939-4AEE-A752-EBCDE06C5427}.Release|Any CPU.ActiveCfg = Release|Any CPU
		{953A222C-E939-4AEE-A752-EBCDE06C5427}.Release|Any CPU.Build.0 = Release|Any CPU
		{953A222C-E939-4AEE-A752-EBCDE06C5427}.Release|x64.ActiveCfg = Release|Any CPU
		{953A222C-E939-4AEE-A752-EBCDE06C5427}.Release|x64.Build.0 = Release|Any CPU
		{953A222C-E939-4AEE-A752-EBCDE06C5427}.Release|x86.ActiveCfg = Release|Any CPU
		{953A222C-E939-4AEE-A752-EBCDE06C5427}.Release|x86.Build.0 = Release|Any CPU
		{F26AB289-A905-4769-A856-85D6E848CF77}.Debug|Any CPU.ActiveCfg = Debug|Any CPU
		{F26AB289-A905-4769-A856-85D6E848CF77}.Debug|Any CPU.Build.0 = Debug|Any CPU
		{F26AB289-A905-4769-A856-85D6E848CF77}.Debug|x64.ActiveCfg = Debug|Any CPU
		{F26AB289-A905-4769-A856-85D6E848CF77}.Debug|x64.Build.0 = Debug|Any CPU
		{F26AB289-A905-4769-A856-85D6E848CF77}.Debug|x86.ActiveCfg = Debug|Any CPU
		{F26AB289-A905-4769-A856-85D6E848CF77}.Debug|x86.Build.0 = Debug|Any CPU
		{F26AB289-A905-4769-A856-85D6E848CF77}.Release|Any CPU.ActiveCfg = Release|Any CPU
		{F26AB289-A905-4769-A856-85D6E848CF77}.Release|Any CPU.Build.0 = Release|Any CPU
		{F26AB289-A905-4769-A856-85D6E848CF77}.Release|x64.ActiveCfg = Release|Any CPU
		{F26AB289-A905-4769-A856-85D6E848CF77}.Release|x64.Build.0 = Release|Any CPU
		{F26AB289-A905-4769-A856-85D6E848CF77}.Release|x86.ActiveCfg = Release|Any CPU
		{F26AB289-A905-4769-A856-85D6E848CF77}.Release|x86.Build.0 = Release|Any CPU
	EndGlobalSection
	GlobalSection(SolutionProperties) = preSolution
		HideSolutionNode = FALSE
	EndGlobalSection
	GlobalSection(NestedProjects) = preSolution
		{6EC74199-B54E-4362-BF05-B419162BB2DD} = {827E0CD3-B72D-47B6-A68D-7590B98EB39B}
		{1AE706BF-C86A-43D3-AE71-0A07ED109654} = {827E0CD3-B72D-47B6-A68D-7590B98EB39B}
		{EBCF4C2B-7951-45DD-AC90-304895E3DC54} = {827E0CD3-B72D-47B6-A68D-7590B98EB39B}
		{953A222C-E939-4AEE-A752-EBCDE06C5427} = {0AB3BF05-4346-4AA6-1389-037BE0695223}
		{F26AB289-A905-4769-A856-85D6E848CF77} = {0AB3BF05-4346-4AA6-1389-037BE0695223}
	EndGlobalSection
EndGlobal
